
Microsoft Visual Studio Solution File, Format Version 12.00
# Visual Studio Version 17
VisualStudioVersion = 17.11.35219.272
MinimumVisualStudioVersion = 10.0.40219.1
Project("{FAE04EC0-301F-11D3-BF4B-00C04F79EFBC}") = "Skolans_hanteringssystem", "Skolans_hanteringssystem.csproj", "{B88873C3-8326-4656-AC52-9167D1950162}"
EndProject
Global
	GlobalSection(SolutionConfigurationPlatforms) = preSolution
		Debug|Any CPU = Debug|Any CPU
		Release|Any CPU = Release|Any CPU
	EndGlobalSection
	GlobalSection(ProjectConfigurationPlatforms) = postSolution
		{B88873C3-8326-4656-AC52-9167D1950162}.Debug|Any CPU.ActiveCfg = Debug|Any CPU
		{B88873C3-8326-4656-AC52-9167D1950162}.Debug|Any CPU.Build.0 = Debug|Any CPU
		{B88873C3-8326-4656-AC52-9167D1950162}.Release|Any CPU.ActiveCfg = Release|Any CPU
		{B88873C3-8326-4656-AC52-9167D1950162}.Release|Any CPU.Build.0 = Release|Any CPU
	EndGlobalSection
	GlobalSection(SolutionProperties) = preSolution
		HideSolutionNode = FALSE
	EndGlobalSection
	GlobalSection(ExtensibilityGlobals) = postSolution
		SolutionGuid = {76F9B3D9-1938-4A89-8272-5D9229495D45}
	EndGlobalSection
EndGlobal
